
Microsoft Visual Studio Solution File, Format Version 12.00
# Visual Studio Version 17
VisualStudioVersion = 17.7.34202.233
MinimumVisualStudioVersion = 10.0.40219.1
Project("{FAE04EC0-301F-11D3-BF4B-00C04F79EFBC}") = "FactoryMethodDaniel", "FactoryMethodDaniel\FactoryMethodDaniel.csproj", "{8C9F5A16-3B08-4F18-837D-886289189F1F}"
EndProject
Global
	GlobalSection(SolutionConfigurationPlatforms) = preSolution
		Debug|Any CPU = Debug|Any CPU
		Release|Any CPU = Release|Any CPU
	EndGlobalSection
	GlobalSection(ProjectConfigurationPlatforms) = postSolution
		{8C9F5A16-3B08-4F18-837D-886289189F1F}.Debug|Any CPU.ActiveCfg = Debug|Any CPU
		{8C9F5A16-3B08-4F18-837D-886289189F1F}.Debug|Any CPU.Build.0 = Debug|Any CPU
		{8C9F5A16-3B08-4F18-837D-886289189F1F}.Release|Any CPU.ActiveCfg = Release|Any CPU
		{8C9F5A16-3B08-4F18-837D-886289189F1F}.Release|Any CPU.Build.0 = Release|Any CPU
	EndGlobalSection
	GlobalSection(SolutionProperties) = preSolution
		HideSolutionNode = FALSE
	EndGlobalSection
	GlobalSection(ExtensibilityGlobals) = postSolution
		SolutionGuid = {2E0ECF36-20B7-481A-8FF6-7C10FFD22592}
	EndGlobalSection
EndGlobal
